
Microsoft Visual Studio Solution File, Format Version 12.00
# Visual Studio Version 16
VisualStudioVersion = 16.0.32126.315
MinimumVisualStudioVersion = 10.0.40219.1
Project("{FAE04EC0-301F-11D3-BF4B-00C04F79EFBC}") = "ConsoleApp1", "ConsoleApp1\ConsoleApp1.csproj", "{C0901879-D80C-491A-BA71-CF3D2A534418}"
EndProject
Global
	GlobalSection(SolutionConfigurationPlatforms) = preSolution
		Debug|Any CPU = Debug|Any CPU
		Release|Any CPU = Release|Any CPU
	EndGlobalSection
	GlobalSection(ProjectConfigurationPlatforms) = postSolution
		{C0901879-D80C-491A-BA71-CF3D2A534418}.Debug|Any CPU.ActiveCfg = Debug|Any CPU
		{C0901879-D80C-491A-BA71-CF3D2A534418}.Debug|Any CPU.Build.0 = Debug|Any CPU
		{C0901879-D80C-491A-BA71-CF3D2A534418}.Release|Any CPU.ActiveCfg = Release|Any CPU
		{C0901879-D80C-491A-BA71-CF3D2A534418}.Release|Any CPU.Build.0 = Release|Any CPU
	EndGlobalSection
	GlobalSection(SolutionProperties) = preSolution
		HideSolutionNode = FALSE
	EndGlobalSection
	GlobalSection(ExtensibilityGlobals) = postSolution
		SolutionGuid = {10291A59-E6DE-48FD-A04C-F3716C1F4FA5}
	EndGlobalSection
EndGlobal
